
Microsoft Visual Studio Solution File, Format Version 12.00
Project("{FAE04EC0-301F-11D3-BF4B-00C04F79EFBC}") = "kiesett8", "kiesett8\kiesett8.csproj", "{983EC978-01EA-4CA8-BB7C-F112F94523EF}"
EndProject
Global
	GlobalSection(SolutionConfigurationPlatforms) = preSolution
		Debug|Any CPU = Debug|Any CPU
		Release|Any CPU = Release|Any CPU
	EndGlobalSection
	GlobalSection(ProjectConfigurationPlatforms) = postSolution
		{983EC978-01EA-4CA8-BB7C-F112F94523EF}.Debug|Any CPU.ActiveCfg = Debug|Any CPU
		{983EC978-01EA-4CA8-BB7C-F112F94523EF}.Debug|Any CPU.Build.0 = Debug|Any CPU
		{983EC978-01EA-4CA8-BB7C-F112F94523EF}.Release|Any CPU.ActiveCfg = Release|Any CPU
		{983EC978-01EA-4CA8-BB7C-F112F94523EF}.Release|Any CPU.Build.0 = Release|Any CPU
	EndGlobalSection
EndGlobal
